
Microsoft Visual Studio Solution File, Format Version 12.00
# Visual Studio 15
VisualStudioVersion = 15.0.28010.2003
MinimumVisualStudioVersion = 10.0.40219.1
Project("{888888A0-9F3D-457C-B088-3A5042F75D52}") = "Chapter_1", "Chapter_1\Chapter_1.pyproj", "{D6F27EA3-1660-437C-B45E-E43DFD4DC544}"
EndProject
Global
	GlobalSection(SolutionConfigurationPlatforms) = preSolution
		Debug|Any CPU = Debug|Any CPU
		Release|Any CPU = Release|Any CPU
	EndGlobalSection
	GlobalSection(ProjectConfigurationPlatforms) = postSolution
		{D6F27EA3-1660-437C-B45E-E43DFD4DC544}.Debug|Any CPU.ActiveCfg = Debug|Any CPU
		{D6F27EA3-1660-437C-B45E-E43DFD4DC544}.Release|Any CPU.ActiveCfg = Release|Any CPU
	EndGlobalSection
	GlobalSection(SolutionProperties) = preSolution
		HideSolutionNode = FALSE
	EndGlobalSection
	GlobalSection(ExtensibilityGlobals) = postSolution
		SolutionGuid = {4ABA6D2F-82F9-47E1-AA44-6AC66FD08E9B}
	EndGlobalSection
EndGlobal
