
Microsoft Visual Studio Solution File, Format Version 12.00
# Visual Studio 15
VisualStudioVersion = 15.0.28010.2003
MinimumVisualStudioVersion = 10.0.40219.1
Project("{888888A0-9F3D-457C-B088-3A5042F75D52}") = "Chapter_3", "Chapter_3\Chapter_3.pyproj", "{B11F4847-67A5-4EA4-9F99-8CAC686D062D}"
EndProject
Global
	GlobalSection(SolutionConfigurationPlatforms) = preSolution
		Debug|Any CPU = Debug|Any CPU
		Release|Any CPU = Release|Any CPU
	EndGlobalSection
	GlobalSection(ProjectConfigurationPlatforms) = postSolution
		{B11F4847-67A5-4EA4-9F99-8CAC686D062D}.Debug|Any CPU.ActiveCfg = Debug|Any CPU
		{B11F4847-67A5-4EA4-9F99-8CAC686D062D}.Release|Any CPU.ActiveCfg = Release|Any CPU
	EndGlobalSection
	GlobalSection(SolutionProperties) = preSolution
		HideSolutionNode = FALSE
	EndGlobalSection
	GlobalSection(ExtensibilityGlobals) = postSolution
		SolutionGuid = {70A8BF6B-BDE3-42A9-8E90-9AA0E1E8E702}
	EndGlobalSection
EndGlobal
