
Microsoft Visual Studio Solution File, Format Version 12.00
# Visual Studio 15
VisualStudioVersion = 15.0.28010.2003
MinimumVisualStudioVersion = 10.0.40219.1
Project("{888888A0-9F3D-457C-B088-3A5042F75D52}") = "Chapter_5", "Chapter_5\Chapter_5.pyproj", "{2D5E37BF-3146-42AD-8B17-E79262B5140D}"
EndProject
Global
	GlobalSection(SolutionConfigurationPlatforms) = preSolution
		Debug|Any CPU = Debug|Any CPU
		Release|Any CPU = Release|Any CPU
	EndGlobalSection
	GlobalSection(ProjectConfigurationPlatforms) = postSolution
		{2D5E37BF-3146-42AD-8B17-E79262B5140D}.Debug|Any CPU.ActiveCfg = Debug|Any CPU
		{2D5E37BF-3146-42AD-8B17-E79262B5140D}.Release|Any CPU.ActiveCfg = Release|Any CPU
	EndGlobalSection
	GlobalSection(SolutionProperties) = preSolution
		HideSolutionNode = FALSE
	EndGlobalSection
	GlobalSection(ExtensibilityGlobals) = postSolution
		SolutionGuid = {B4056650-B429-462E-BCD0-970967A695B0}
	EndGlobalSection
EndGlobal
